<?xml version="1.0" encoding="utf-8"?>
<Project ToolsVersion="4.0" xmlns="http://schemas.microsoft.com/developer/msbuild/2003">
  <ItemGroup>
    <ClCompile Include="CppSource\dec\alpha.c" />
    <ClCompile Include="CppSource\dec\buffer.c" />
    <ClCompile Include="CppSource\dec\frame.c" />
    <ClCompile Include="CppSource\dec\idec.c" />
    <ClCompile Include="CppSource\dec\io.c" />
    <ClCompile Include="CppSource\dec\layer.c" />
    <ClCompile Include="CppSource\dec\quant.c" />
    <ClCompile Include="CppSource\dec\tree.c" />
    <ClCompile Include="CppSource\dec\vp8.c" />
    <ClCompile Include="CppSource\dec\vp8l.c" />
    <ClCompile Include="CppSource\dec\webp.c" />
    <ClCompile Include="CppSource\dsp\cpu.c" />
    <ClCompile Include="CppSource\dsp\dec.c" />
    <ClCompile Include="CppSource\dsp\dec_neon.c" />
    <ClCompile Include="CppSource\dsp\dec_sse2.c" />
    <ClCompile Include="CppSource\dsp\lossless.c" />
    <ClCompile Include="CppSource\dsp\upsampling.c" />
    <ClCompile Include="CppSource\dsp\upsampling_sse2.c" />
    <ClCompile Include="CppSource\dsp\yuv.c" />
    <ClCompile Include="CppSource\utils\bit_reader.c" />
    <ClCompile Include="CppSource\utils\bit_writer.c" />
    <ClCompile Include="CppSource\utils\color_cache.c" />
    <ClCompile Include="CppSource\utils\filters.c" />
    <ClCompile Include="CppSource\utils\huffman.c" />
    <ClCompile Include="CppSource\utils\quant_levels.c" />
    <ClCompile Include="CppSource\utils\quant_levels_dec.c" />
    <ClCompile Include="CppSource\utils\rescaler.c" />
    <ClCompile Include="CppSource\utils\thread.c" />
    <ClCompile Include="CppSource\utils\utils.cpp" />
    <ClCompile Include="CppSource\utils\alpha_processing.c" />
    <ClCompile Include="CppSource\utils\utils.c" />
    <ClCompile Include="CppSource\dsp\upsampling_neon.c" />
    <ClCompile Include="CppSource\cpu-features.c" />
  </ItemGroup>
  <ItemGroup>
    <ClInclude Include="CppSource\dec\decode_vp8.h" />
    <ClInclude Include="CppSource\dec\vp8i.h" />
    <ClInclude Include="CppSource\dec\vp8li.h" />
    <ClInclude Include="CppSource\dec\webpi.h" />
    <ClInclude Include="CppSource\dsp\dsp.h" />
    <ClInclude Include="CppSource\dsp\lossless.h" />
    <ClInclude Include="CppSource\dsp\yuv.h" />
    <ClInclude Include="CppSource\enc\backward_references.h" />
    <ClInclude Include="CppSource\enc\histogram.h" />
    <ClInclude Include="CppSource\utils\bit_reader.h" />
    <ClInclude Include="CppSource\utils\bit_writer.h" />
    <ClInclude Include="CppSource\utils\color_cache.h" />
    <ClInclude Include="CppSource\utils\filters.h" />
    <ClInclude Include="CppSource\utils\huffman.h" />
    <ClInclude Include="CppSource\utils\quant_levels.h" />
    <ClInclude Include="CppSource\utils\quant_levels_dec.h" />
    <ClInclude Include="CppSource\utils\rescaler.h" />
    <ClInclude Include="CppSource\utils\thread.h" />
    <ClInclude Include="CppSource\utils\utils.h" />
    <ClInclude Include="CppSource\webp\decode.h" />
    <ClInclude Include="CppSource\webp\format_constants.h" />
    <ClInclude Include="CppSource\webp\mux_types.h" />
    <ClInclude Include="CppSource\webp\types.h" />
    <ClInclude Include="CppSource\webp\demux.h" />
    <ClInclude Include="CppSource\webp\mux.h" />
    <ClInclude Include="CppSource\utils\alpha_processing.h" />
    <ClInclude Include="CppSource\dec\alphai.h" />
    <ClInclude Include="CppSource\cpu-features.h" />
  </ItemGroup>
</Project>